
Microsoft Visual Studio Solution File, Format Version 12.00
# Visual Studio Version 17
VisualStudioVersion = 17.11.35312.102
MinimumVisualStudioVersion = 10.0.40219.1
Project("{FAE04EC0-301F-11D3-BF4B-00C04F79EFBC}") = "GPTCodeAssistance", "GPTCodeAssistance\GPTCodeAssistance.csproj", "{5EFF0B7B-940E-4CD8-A41C-1CA416C63A02}"
EndProject
Project("{FAE04EC0-301F-11D3-BF4B-00C04F79EFBC}") = "GptCodeAssistantTests", "GptCodeAssistantTests\GptCodeAssistantTests.csproj", "{ED965CCD-0CEB-40B2-B539-06D7BE0FD0F1}"
EndProject
Global
	GlobalSection(SolutionConfigurationPlatforms) = preSolution
		Debug|Any CPU = Debug|Any CPU
		Debug|arm64 = Debug|arm64
		Debug|x86 = Debug|x86
		Release|Any CPU = Release|Any CPU
		Release|arm64 = Release|arm64
		Release|x86 = Release|x86
	EndGlobalSection
	GlobalSection(ProjectConfigurationPlatforms) = postSolution
		{5EFF0B7B-940E-4CD8-A41C-1CA416C63A02}.Debug|Any CPU.ActiveCfg = Debug|Any CPU
		{5EFF0B7B-940E-4CD8-A41C-1CA416C63A02}.Debug|Any CPU.Build.0 = Debug|Any CPU
		{5EFF0B7B-940E-4CD8-A41C-1CA416C63A02}.Debug|arm64.ActiveCfg = Debug|arm64
		{5EFF0B7B-940E-4CD8-A41C-1CA416C63A02}.Debug|arm64.Build.0 = Debug|arm64
		{5EFF0B7B-940E-4CD8-A41C-1CA416C63A02}.Debug|x86.ActiveCfg = Debug|x86
		{5EFF0B7B-940E-4CD8-A41C-1CA416C63A02}.Debug|x86.Build.0 = Debug|x86
		{5EFF0B7B-940E-4CD8-A41C-1CA416C63A02}.Release|Any CPU.ActiveCfg = Release|Any CPU
		{5EFF0B7B-940E-4CD8-A41C-1CA416C63A02}.Release|Any CPU.Build.0 = Release|Any CPU
		{5EFF0B7B-940E-4CD8-A41C-1CA416C63A02}.Release|arm64.ActiveCfg = Release|arm64
		{5EFF0B7B-940E-4CD8-A41C-1CA416C63A02}.Release|arm64.Build.0 = Release|arm64
		{5EFF0B7B-940E-4CD8-A41C-1CA416C63A02}.Release|x86.ActiveCfg = Release|x86
		{5EFF0B7B-940E-4CD8-A41C-1CA416C63A02}.Release|x86.Build.0 = Release|x86
		{ED965CCD-0CEB-40B2-B539-06D7BE0FD0F1}.Debug|Any CPU.ActiveCfg = Debug|Any CPU
		{ED965CCD-0CEB-40B2-B539-06D7BE0FD0F1}.Debug|Any CPU.Build.0 = Debug|Any CPU
		{ED965CCD-0CEB-40B2-B539-06D7BE0FD0F1}.Debug|arm64.ActiveCfg = Debug|Any CPU
		{ED965CCD-0CEB-40B2-B539-06D7BE0FD0F1}.Debug|arm64.Build.0 = Debug|Any CPU
		{ED965CCD-0CEB-40B2-B539-06D7BE0FD0F1}.Debug|x86.ActiveCfg = Debug|Any CPU
		{ED965CCD-0CEB-40B2-B539-06D7BE0FD0F1}.Debug|x86.Build.0 = Debug|Any CPU
		{ED965CCD-0CEB-40B2-B539-06D7BE0FD0F1}.Release|Any CPU.ActiveCfg = Release|Any CPU
		{ED965CCD-0CEB-40B2-B539-06D7BE0FD0F1}.Release|Any CPU.Build.0 = Release|Any CPU
		{ED965CCD-0CEB-40B2-B539-06D7BE0FD0F1}.Release|arm64.ActiveCfg = Release|Any CPU
		{ED965CCD-0CEB-40B2-B539-06D7BE0FD0F1}.Release|arm64.Build.0 = Release|Any CPU
		{ED965CCD-0CEB-40B2-B539-06D7BE0FD0F1}.Release|x86.ActiveCfg = Release|Any CPU
		{ED965CCD-0CEB-40B2-B539-06D7BE0FD0F1}.Release|x86.Build.0 = Release|Any CPU
	EndGlobalSection
	GlobalSection(SolutionProperties) = preSolution
		HideSolutionNode = FALSE
	EndGlobalSection
	GlobalSection(ExtensibilityGlobals) = postSolution
		SolutionGuid = {B2D1C1A4-1F8D-4ACB-BBE2-51F6AB72930A}
	EndGlobalSection
EndGlobal
